
Microsoft Visual Studio Solution File, Format Version 12.00
# Visual Studio Version 17
VisualStudioVersion = 17.0.31903.59
MinimumVisualStudioVersion = 10.0.40219.1
Project("{9A19103F-16F7-4668-BE54-9A1E7A4F7556}") = "AuctionService", "src\AuctionService\AuctionService.csproj", "{15520AD8-3D32-4370-ACB6-239AED733169}"
EndProject
Project("{9A19103F-16F7-4668-BE54-9A1E7A4F7556}") = "SearchService", "src\SearchService\SearchService.csproj", "{4F49CE40-5E23-4625-A98D-FCEE3F51F5DC}"
EndProject
Project("{9A19103F-16F7-4668-BE54-9A1E7A4F7556}") = "Contracts", "src\Contracts\Contracts.csproj", "{CEAC7B8F-2860-451E-8963-B49AB3D6BC36}"
EndProject
Project("{9A19103F-16F7-4668-BE54-9A1E7A4F7556}") = "IdentityService", "src\IdentityService\IdentityService.csproj", "{776B3E6E-09CA-4A1C-B6C6-9189B9054C0A}"
EndProject
Project("{9A19103F-16F7-4668-BE54-9A1E7A4F7556}") = "GatewayService", "src\GatewayService\GatewayService.csproj", "{93B7A708-E596-41F2-841A-6341A56D68F8}"
EndProject
Global
	GlobalSection(SolutionConfigurationPlatforms) = preSolution
		Debug|Any CPU = Debug|Any CPU
		Release|Any CPU = Release|Any CPU
	EndGlobalSection
	GlobalSection(ProjectConfigurationPlatforms) = postSolution
		{15520AD8-3D32-4370-ACB6-239AED733169}.Debug|Any CPU.ActiveCfg = Debug|Any CPU
		{15520AD8-3D32-4370-ACB6-239AED733169}.Debug|Any CPU.Build.0 = Debug|Any CPU
		{15520AD8-3D32-4370-ACB6-239AED733169}.Release|Any CPU.ActiveCfg = Release|Any CPU
		{15520AD8-3D32-4370-ACB6-239AED733169}.Release|Any CPU.Build.0 = Release|Any CPU
		{4F49CE40-5E23-4625-A98D-FCEE3F51F5DC}.Debug|Any CPU.ActiveCfg = Debug|Any CPU
		{4F49CE40-5E23-4625-A98D-FCEE3F51F5DC}.Debug|Any CPU.Build.0 = Debug|Any CPU
		{4F49CE40-5E23-4625-A98D-FCEE3F51F5DC}.Release|Any CPU.ActiveCfg = Release|Any CPU
		{4F49CE40-5E23-4625-A98D-FCEE3F51F5DC}.Release|Any CPU.Build.0 = Release|Any CPU
		{CEAC7B8F-2860-451E-8963-B49AB3D6BC36}.Debug|Any CPU.ActiveCfg = Debug|Any CPU
		{CEAC7B8F-2860-451E-8963-B49AB3D6BC36}.Debug|Any CPU.Build.0 = Debug|Any CPU
		{CEAC7B8F-2860-451E-8963-B49AB3D6BC36}.Release|Any CPU.ActiveCfg = Release|Any CPU
		{CEAC7B8F-2860-451E-8963-B49AB3D6BC36}.Release|Any CPU.Build.0 = Release|Any CPU
		{776B3E6E-09CA-4A1C-B6C6-9189B9054C0A}.Debug|Any CPU.ActiveCfg = Debug|Any CPU
		{776B3E6E-09CA-4A1C-B6C6-9189B9054C0A}.Debug|Any CPU.Build.0 = Debug|Any CPU
		{776B3E6E-09CA-4A1C-B6C6-9189B9054C0A}.Release|Any CPU.ActiveCfg = Release|Any CPU
		{776B3E6E-09CA-4A1C-B6C6-9189B9054C0A}.Release|Any CPU.Build.0 = Release|Any CPU
		{93B7A708-E596-41F2-841A-6341A56D68F8}.Debug|Any CPU.ActiveCfg = Debug|Any CPU
		{93B7A708-E596-41F2-841A-6341A56D68F8}.Debug|Any CPU.Build.0 = Debug|Any CPU
		{93B7A708-E596-41F2-841A-6341A56D68F8}.Release|Any CPU.ActiveCfg = Release|Any CPU
		{93B7A708-E596-41F2-841A-6341A56D68F8}.Release|Any CPU.Build.0 = Release|Any CPU
	EndGlobalSection
	GlobalSection(SolutionProperties) = preSolution
		HideSolutionNode = FALSE
	EndGlobalSection
	GlobalSection(ExtensibilityGlobals) = postSolution
		SolutionGuid = {2D20DBB3-3F8C-41B8-A9D7-4EA70383C8F5}
	EndGlobalSection
EndGlobal
